{
	"name": "octaveexecution",
	"version": "0.7.4",
	"lockfileVersion": 3,
	"requires": true,
	"packages": {
		"": {
			"name": "octaveexecution",
			"version": "0.7.4",
			"license": "MIT",
			"dependencies": {
				"tree-kill": "^1.2.2"
			},
			"devDependencies": {
				"@types/node": "^18.17.1",
				"@types/vscode": "1.77.0",
				"typescript": "^5.3.3"
			},
			"engines": {
				"vscode": "^1.77.0"
			}
		},
		"node_modules/@types/node": {
			"version": "18.19.5",
			"resolved": "https://registry.npmjs.org/@types/node/-/node-18.19.5.tgz",
			"integrity": "sha512-22MG6T02Hos2JWfa1o5jsIByn+bc5iOt1IS4xyg6OG68Bu+wMonVZzdrgCw693++rpLE9RUT/Bx15BeDzO0j+g==",
			"dev": true,
			"dependencies": {
				"undici-types": "~5.26.4"
			}
		},
		"node_modules/@types/vscode": {
			"version": "1.77.0",
			"resolved": "https://registry.npmjs.org/@types/vscode/-/vscode-1.77.0.tgz",
			"integrity": "sha512-MWFN5R7a33n8eJZJmdVlifjig3LWUNRrPeO1xemIcZ0ae0TEQuRc7G2xV0LUX78RZFECY1plYBn+dP/Acc3L0Q==",
			"dev": true
		},
		"node_modules/tree-kill": {
			"version": "1.2.2",
			"resolved": "https://registry.npmjs.org/tree-kill/-/tree-kill-1.2.2.tgz",
			"integrity": "sha512-L0Orpi8qGpRG//Nd+H90vFB+3iHnue1zSSGmNOOCh1GLJ7rUKVwV2HvijphGQS2UmhUZewS9VgvxYIdgr+fG1A==",
			"bin": {
				"tree-kill": "cli.js"
			}
		},
		"node_modules/typescript": {
			"version": "5.3.3",
			"resolved": "https://registry.npmjs.org/typescript/-/typescript-5.3.3.tgz",
			"integrity": "sha512-pXWcraxM0uxAS+tN0AG/BF2TyqmHO014Z070UsJ+pFvYuRSq8KH8DmWpnbXe0pEPDHXZV3FcAbJkijJ5oNEnWw==",
			"dev": true,
			"bin": {
				"tsc": "bin/tsc",
				"tsserver": "bin/tsserver"
			},
			"engines": {
				"node": ">=14.17"
			}
		},
		"node_modules/undici-types": {
			"version": "5.26.5",
			"resolved": "https://registry.npmjs.org/undici-types/-/undici-types-5.26.5.tgz",
			"integrity": "sha512-JlCMO+ehdEIKqlFxk6IfVoAUVmgz7cU7zD/h9XZ0qzeosSHmUJVOzSQvvYSYWXkFXC+IfLKSIffhv0sVZup6pA==",
			"dev": true
		}
	}
}
