{
	"name": "octaveexecution",
	"version": "0.7.1",
	"lockfileVersion": 2,
	"requires": true,
	"packages": {
		"": {
			"name": "octaveexecution",
			"version": "0.7.1",
			"license": "MIT",
			"dependencies": {
				"tree-kill": "^1.2.2"
			},
			"devDependencies": {
				"@types/node": "^18.11.9",
				"@types/vscode": "^1.73.0",
				"typescript": "^4.8.4"
			},
			"engines": {
				"vscode": "^1.66.0"
			}
		},
		"node_modules/@types/node": {
			"version": "18.11.9",
			"resolved": "https://registry.npmjs.org/@types/node/-/node-18.11.9.tgz",
			"integrity": "sha512-CRpX21/kGdzjOpFsZSkcrXMGIBWMGNIHXXBVFSH+ggkftxg+XYP20TESbh+zFvFj3EQOl5byk0HTRn1IL6hbqg==",
			"dev": true
		},
		"node_modules/@types/vscode": {
			"version": "1.73.0",
			"resolved": "https://registry.npmjs.org/@types/vscode/-/vscode-1.73.0.tgz",
			"integrity": "sha512-FhkfF7V3fj7S3WqXu7AxFesBLO3uMkdCPJJPbwyZXezv2xJ6xBWHYM2CmkkbO8wT9Fr3KipwxGGOoQRrYq7mHg==",
			"dev": true
		},
		"node_modules/tree-kill": {
			"version": "1.2.2",
			"resolved": "https://registry.npmjs.org/tree-kill/-/tree-kill-1.2.2.tgz",
			"integrity": "sha512-L0Orpi8qGpRG//Nd+H90vFB+3iHnue1zSSGmNOOCh1GLJ7rUKVwV2HvijphGQS2UmhUZewS9VgvxYIdgr+fG1A==",
			"bin": {
				"tree-kill": "cli.js"
			}
		},
		"node_modules/typescript": {
			"version": "4.8.4",
			"resolved": "https://registry.npmjs.org/typescript/-/typescript-4.8.4.tgz",
			"integrity": "sha512-QCh+85mCy+h0IGff8r5XWzOVSbBO+KfeYrMQh7NJ58QujwcE22u+NUSmUxqF+un70P9GXKxa2HCNiTTMJknyjQ==",
			"dev": true,
			"bin": {
				"tsc": "bin/tsc",
				"tsserver": "bin/tsserver"
			},
			"engines": {
				"node": ">=4.2.0"
			}
		}
	},
	"dependencies": {
		"@types/node": {
			"version": "18.11.9",
			"resolved": "https://registry.npmjs.org/@types/node/-/node-18.11.9.tgz",
			"integrity": "sha512-CRpX21/kGdzjOpFsZSkcrXMGIBWMGNIHXXBVFSH+ggkftxg+XYP20TESbh+zFvFj3EQOl5byk0HTRn1IL6hbqg==",
			"dev": true
		},
		"@types/vscode": {
			"version": "1.73.0",
			"resolved": "https://registry.npmjs.org/@types/vscode/-/vscode-1.73.0.tgz",
			"integrity": "sha512-FhkfF7V3fj7S3WqXu7AxFesBLO3uMkdCPJJPbwyZXezv2xJ6xBWHYM2CmkkbO8wT9Fr3KipwxGGOoQRrYq7mHg==",
			"dev": true
		},
		"tree-kill": {
			"version": "1.2.2",
			"resolved": "https://registry.npmjs.org/tree-kill/-/tree-kill-1.2.2.tgz",
			"integrity": "sha512-L0Orpi8qGpRG//Nd+H90vFB+3iHnue1zSSGmNOOCh1GLJ7rUKVwV2HvijphGQS2UmhUZewS9VgvxYIdgr+fG1A=="
		},
		"typescript": {
			"version": "4.8.4",
			"resolved": "https://registry.npmjs.org/typescript/-/typescript-4.8.4.tgz",
			"integrity": "sha512-QCh+85mCy+h0IGff8r5XWzOVSbBO+KfeYrMQh7NJ58QujwcE22u+NUSmUxqF+un70P9GXKxa2HCNiTTMJknyjQ==",
			"dev": true
		}
	}
}
